NeoBundleLock Align 787662fe90cd057942bc5b682fd70c87e1a9dd77
NeoBundleLock YankRing.vim 28854abef8fa4ebd3cb219aefcf22566997d8f65
NeoBundleLock jedi-vim dc23f0b859d3b5c087921b68cf7cd66803ecca83
NeoBundleLock neobundle.vim 1d9257dfcff297959332f262351746ec88166965
NeoBundleLock neocomplete.vim 753b16047a4879170f531efc75870b3783ae8757
NeoBundleLock neosnippet.vim 02176938f751e20a3a794e836aaba14e11eba34e
NeoBundleLock unite.vim f376de838a46c4848a81a2e95ebc4116732b1fef
NeoBundleLock vim-django-support a0b21e72a2ce22141d60c494de1f58cb960b413f
NeoBundleLock vim-indent-guides 49bde6fa30648345ffabfe55b3a095a293568a2e
NeoBundleLock vim-pyenv 96a3f5c79f582d39a2d23b8b9273b3265f36b3fb
NeoBundleLock vim-quickrun 5bcb966b80d9d9e4051d9882a07fd61a2ea39d23
NeoBundleLock vim-snippets a6d9f6a098d7d942a76d033bbb01ec5b16913463
NeoBundleLock vim-surround 2d05440ad23f97a7874ebd9b5de3a0e65d25d85c
NeoBundleLock vimfiler f43f7364dfdd493ccba7aa63d6b9e1713088ee4f
