NeoBundleLock Align 787662fe90cd057942bc5b682fd70c87e1a9dd77
NeoBundleLock YankRing.vim 28854abef8fa4ebd3cb219aefcf22566997d8f65
NeoBundleLock clever-f.vim 1f22df33307c1f3ef074c80fd8ef1078b78f79ba
NeoBundleLock jedi-vim dc23f0b859d3b5c087921b68cf7cd66803ecca83
NeoBundleLock neobundle.vim aa779c6befb314304ddcadfd5a0fbaa8c911ed74
NeoBundleLock neocomplete.vim de6822e7581cfce8c906ed6e9ba863a0dde78352
NeoBundleLock neosnippet-snippets 7b1de8fa5592d0f4bb364a0bd6b66ad1f422b1d4
NeoBundleLock neosnippet.vim 3e6f92785440f23e4421a64980ef9ce1509b745b
NeoBundleLock python_fold 058b81b421633cb07f69b7562eecf4d273204bf9
NeoBundleLock quickfixstatus fd3875b914fc51bbefefa8c4995588c088163053
NeoBundleLock shabadou.vim c5af30bb0c028d53cfd89e00cab636c844034a9a
NeoBundleLock unite.vim da791c335135fbd460caa8c8e4671e324ef1f328
NeoBundleLock vim-django-support a0b21e72a2ce22141d60c494de1f58cb960b413f
NeoBundleLock vim-hier ad47fe2dbe2b165efc302699c0122ec04e3f414e
NeoBundleLock vim-indent-guides 49bde6fa30648345ffabfe55b3a095a293568a2e
NeoBundleLock vim-pyenv 96a3f5c79f582d39a2d23b8b9273b3265f36b3fb
NeoBundleLock vim-quickrun da5328d0aec495e4dc25232fd769a8a2e56d8f7d
NeoBundleLock vim-snippets cb063bed37d4114d2eb110eb7b495a2f65bcfd97
NeoBundleLock vim-surround 2d05440ad23f97a7874ebd9b5de3a0e65d25d85c
NeoBundleLock vim-watchdogs 52842b03ab0c2e60563ff121d274f8a66ca7e0fc
NeoBundleLock vimfiler a46cca1445ca9687b77dc900cef6af3b3861a0fd
NeoBundleLock vimproc f96e476e41ab4cdb9c37242c8cf76f1e5aa5b91d
